
Microsoft Visual Studio Solution File, Format Version 12.00
# Visual Studio Version 17
VisualStudioVersion = 17.4.33403.182
MinimumVisualStudioVersion = 10.0.40219.1
Project("{2150E333-8FDC-42A3-9474-1A3956D46DE8}") = "polaris-pipeline", "polaris-pipeline", "{85EF15B6-1D88-496E-933A-0AE602FD336A}"
EndProject
Project("{9A19103F-16F7-4668-BE54-9A1E7A4F7556}") = "Common", "polaris-pipeline\Common\Common.csproj", "{07C594AE-6ADA-47B6-A354-10DD309CF658}"
EndProject
Project("{9A19103F-16F7-4668-BE54-9A1E7A4F7556}") = "Common.tests", "polaris-pipeline\Common.tests\Common.tests.csproj", "{B84BABD7-9481-4C1D-976D-3D794CCD10C2}"
EndProject
Project("{9A19103F-16F7-4668-BE54-9A1E7A4F7556}") = "coordinator", "polaris-pipeline\coordinator\coordinator.csproj", "{46B5898D-8C5E-49DC-8155-C7A964E1096D}"
EndProject
Project("{9A19103F-16F7-4668-BE54-9A1E7A4F7556}") = "coordinator.tests", "polaris-pipeline\coordinator.tests\coordinator.tests.csproj", "{59E2E0EB-EDD6-4FFF-ACA5-96CC24612B5B}"
EndProject
Project("{9A19103F-16F7-4668-BE54-9A1E7A4F7556}") = "pdf-generator", "polaris-pipeline\pdf-generator\pdf-generator.csproj", "{6550AF23-A328-4E05-895D-BC7CD320950E}"
EndProject
Project("{9A19103F-16F7-4668-BE54-9A1E7A4F7556}") = "pdf-generator.tests", "polaris-pipeline\pdf-generator.tests\pdf-generator.tests.csproj", "{90B70400-E270-4DD2-A0DB-AFDADA556AB0}"
EndProject
Project("{9A19103F-16F7-4668-BE54-9A1E7A4F7556}") = "text-extractor", "polaris-pipeline\text-extractor\text-extractor.csproj", "{93738F4B-4134-4989-A659-E533701FF345}"
EndProject
Project("{9A19103F-16F7-4668-BE54-9A1E7A4F7556}") = "text-extractor.tests", "polaris-pipeline\text-extractor.tests\text-extractor.tests.csproj", "{32BF16E3-3BAF-406B-88F9-141471FF763B}"
EndProject
Project("{2150E333-8FDC-42A3-9474-1A3956D46DE8}") = "Common", "Common", "{0CB26D53-D834-4ADC-B307-F7F7EE1FC2F8}"
EndProject
Project("{9A19103F-16F7-4668-BE54-9A1E7A4F7556}") = "pdf-generator.test-harness", "polaris-pipeline\pdf-generator.test-harness\pdf-generator.test-harness.csproj", "{2B74B1CD-3739-48EF-AC63-9BCE6F5F3DB4}"
EndProject
Project("{9A19103F-16F7-4668-BE54-9A1E7A4F7556}") = "DdeiClient.tests", "polaris-pipeline\DdeiClient.tests\DdeiClient.tests.csproj", "{D2C07576-2FCE-482B-AB22-D902E7282BDF}"
EndProject
Project("{9A19103F-16F7-4668-BE54-9A1E7A4F7556}") = "polaris-gateway.tests", "polaris-gateway.tests\polaris-gateway.tests.csproj", "{DE6D023B-2169-4522-ABEE-B456A600B76F}"
EndProject
Project("{9A19103F-16F7-4668-BE54-9A1E7A4F7556}") = "polaris-gateway", "polaris-gateway\polaris-gateway.csproj", "{62EBAA3E-9787-491E-8B5C-78C981163E5B}"
EndProject
Project("{9A19103F-16F7-4668-BE54-9A1E7A4F7556}") = "pdf-redactor", "polaris-pipeline\pdf-redactor\pdf-redactor.csproj", "{0911AA3D-D9BA-4F86-9AED-E0C176824455}"
EndProject
Project("{9A19103F-16F7-4668-BE54-9A1E7A4F7556}") = "pdf-redactor.tests", "polaris-pipeline\pdf-redactor.tests\pdf-redactor.tests.csproj", "{41925855-62F0-41F0-9213-65DFCD074924}"
EndProject
Project("{9A19103F-16F7-4668-BE54-9A1E7A4F7556}") = "pdf-redactor.integration.tests", "polaris-pipeline\pdf-redactor.integration.tests\pdf-redactor.integration.tests.csproj", "{7CDF2DED-89D0-479F-9CC4-586451766FC1}"
EndProject
Project("{9A19103F-16F7-4668-BE54-9A1E7A4F7556}") = "polaris-maintenance", "polaris-maintenance\polaris-maintenance.csproj", "{1F2BA0CE-AF99-4BE6-87A1-860AD49D290F}"
EndProject
Project("{9A19103F-16F7-4668-BE54-9A1E7A4F7556}") = "pdf-thumbnail-generator", "polaris-pipeline\pdf-thumbnail-generator\pdf-thumbnail-generator.csproj", "{6AC6EA92-93B5-4DFC-8913-634C33AE180F}"
EndProject
Project("{2150E333-8FDC-42A3-9474-1A3956D46DE8}") = "IntegrationTests", "IntegrationTests", "{02EA681E-C7D8-13C7-8484-4AC65E1B71E8}"
EndProject
Project("{FAE04EC0-301F-11D3-BF4B-00C04F79EFBC}") = "shared.integration-tests", "shared.integration-tests\shared.integration-tests.csproj", "{5E623309-AE49-448A-8344-47085491B5A0}"
EndProject
Project("{FAE04EC0-301F-11D3-BF4B-00C04F79EFBC}") = "polaris-gateway.integration-tests", "polaris-gateway.integration-tests\polaris-gateway.integration-tests.csproj", "{F0441886-19F1-4953-A49C-A1ECFB2FF318}"
EndProject
Project("{2150E333-8FDC-42A3-9474-1A3956D46DE8}") = "UmaClient", "UmaClient", "{246A0520-6FE7-45D8-BC7D-E40CBFE6858D}"
EndProject
Project("{2150E333-8FDC-42A3-9474-1A3956D46DE8}") = "Cps.Fct.Hk.Ui.Interfaces", "Cps.Fct.Hk.Ui.Interfaces", "{C9A58416-899E-4EE6-A4B4-C127E004764F}"
EndProject
Project("{2150E333-8FDC-42A3-9474-1A3956D46DE8}") = "Cps.Fct.Hk.Ui.Services", "Cps.Fct.Hk.Ui.Services", "{21C4EBB0-BC82-416F-9115-7A410E8DBFD7}"
EndProject
Project("{FAE04EC0-301F-11D3-BF4B-00C04F79EFBC}") = "Cps.Fct.Hk.Ui.ServiceClient.Uma", "Cps.Fct.Hk.Ui.ServiceClient.Uma\Cps.Fct.Hk.Ui.ServiceClient.Uma.csproj", "{A9380F75-19C3-44C7-AE0C-B03725E25BB3}"
EndProject
Project("{2150E333-8FDC-42A3-9474-1A3956D46DE8}") = "DdeiClient", "DdeiClient", "{98CBB74E-CB37-4FBF-8B28-9585CDEDB5C8}"
EndProject
Project("{FAE04EC0-301F-11D3-BF4B-00C04F79EFBC}") = "DdeiClient", "DdeiClient\DdeiClient.csproj", "{42FEB73A-F37D-4742-A0A9-85682A443497}"
EndProject
Project("{FAE04EC0-301F-11D3-BF4B-00C04F79EFBC}") = "Cps.Fct.Hk.Ui.Interfaces", "Cps.Fct.Hk.Ui.Interfaces\Cps.Fct.Hk.Ui.Interfaces.csproj", "{169629D2-4729-4A18-BF02-EDD91329E811}"
EndProject
Project("{FAE04EC0-301F-11D3-BF4B-00C04F79EFBC}") = "Cps.Fct.Hk.Ui.Services", "Cps.Fct.Hk.Ui.Services\Cps.Fct.Hk.Ui.Services.csproj", "{E14E14F5-C77F-4B0A-B79D-1D1F8A0DF210}"
EndProject
Project("{2150E333-8FDC-42A3-9474-1A3956D46DE8}") = "ApiClients", "ApiClients", "{A6588C29-1A2C-4CB7-B442-95FE5CA4618B}"
EndProject
Global
	GlobalSection(SolutionConfigurationPlatforms) = preSolution
		Debug|Any CPU = Debug|Any CPU
		Integration Tests|Any CPU = Integration Tests|Any CPU
		Release|Any CPU = Release|Any CPU
	EndGlobalSection
	GlobalSection(ProjectConfigurationPlatforms) = postSolution
		{07C594AE-6ADA-47B6-A354-10DD309CF658}.Debug|Any CPU.ActiveCfg = Debug|Any CPU
		{07C594AE-6ADA-47B6-A354-10DD309CF658}.Debug|Any CPU.Build.0 = Debug|Any CPU
		{07C594AE-6ADA-47B6-A354-10DD309CF658}.Integration Tests|Any CPU.ActiveCfg = Release|Any CPU
		{07C594AE-6ADA-47B6-A354-10DD309CF658}.Integration Tests|Any CPU.Build.0 = Release|Any CPU
		{07C594AE-6ADA-47B6-A354-10DD309CF658}.Release|Any CPU.ActiveCfg = Release|Any CPU
		{07C594AE-6ADA-47B6-A354-10DD309CF658}.Release|Any CPU.Build.0 = Release|Any CPU
		{B84BABD7-9481-4C1D-976D-3D794CCD10C2}.Debug|Any CPU.ActiveCfg = Debug|Any CPU
		{B84BABD7-9481-4C1D-976D-3D794CCD10C2}.Debug|Any CPU.Build.0 = Debug|Any CPU
		{B84BABD7-9481-4C1D-976D-3D794CCD10C2}.Integration Tests|Any CPU.ActiveCfg = Release|Any CPU
		{B84BABD7-9481-4C1D-976D-3D794CCD10C2}.Integration Tests|Any CPU.Build.0 = Release|Any CPU
		{B84BABD7-9481-4C1D-976D-3D794CCD10C2}.Release|Any CPU.ActiveCfg = Release|Any CPU
		{B84BABD7-9481-4C1D-976D-3D794CCD10C2}.Release|Any CPU.Build.0 = Release|Any CPU
		{46B5898D-8C5E-49DC-8155-C7A964E1096D}.Debug|Any CPU.ActiveCfg = Debug|Any CPU
		{46B5898D-8C5E-49DC-8155-C7A964E1096D}.Debug|Any CPU.Build.0 = Debug|Any CPU
		{46B5898D-8C5E-49DC-8155-C7A964E1096D}.Integration Tests|Any CPU.ActiveCfg = Release|Any CPU
		{46B5898D-8C5E-49DC-8155-C7A964E1096D}.Integration Tests|Any CPU.Build.0 = Release|Any CPU
		{46B5898D-8C5E-49DC-8155-C7A964E1096D}.Release|Any CPU.ActiveCfg = Release|Any CPU
		{46B5898D-8C5E-49DC-8155-C7A964E1096D}.Release|Any CPU.Build.0 = Release|Any CPU
		{59E2E0EB-EDD6-4FFF-ACA5-96CC24612B5B}.Debug|Any CPU.ActiveCfg = Debug|Any CPU
		{59E2E0EB-EDD6-4FFF-ACA5-96CC24612B5B}.Debug|Any CPU.Build.0 = Debug|Any CPU
		{59E2E0EB-EDD6-4FFF-ACA5-96CC24612B5B}.Integration Tests|Any CPU.ActiveCfg = Release|Any CPU
		{59E2E0EB-EDD6-4FFF-ACA5-96CC24612B5B}.Integration Tests|Any CPU.Build.0 = Release|Any CPU
		{59E2E0EB-EDD6-4FFF-ACA5-96CC24612B5B}.Release|Any CPU.ActiveCfg = Release|Any CPU
		{59E2E0EB-EDD6-4FFF-ACA5-96CC24612B5B}.Release|Any CPU.Build.0 = Release|Any CPU
		{6550AF23-A328-4E05-895D-BC7CD320950E}.Debug|Any CPU.ActiveCfg = Debug|Any CPU
		{6550AF23-A328-4E05-895D-BC7CD320950E}.Debug|Any CPU.Build.0 = Debug|Any CPU
		{6550AF23-A328-4E05-895D-BC7CD320950E}.Integration Tests|Any CPU.ActiveCfg = Release|Any CPU
		{6550AF23-A328-4E05-895D-BC7CD320950E}.Integration Tests|Any CPU.Build.0 = Release|Any CPU
		{6550AF23-A328-4E05-895D-BC7CD320950E}.Release|Any CPU.ActiveCfg = Release|Any CPU
		{6550AF23-A328-4E05-895D-BC7CD320950E}.Release|Any CPU.Build.0 = Release|Any CPU
		{90B70400-E270-4DD2-A0DB-AFDADA556AB0}.Debug|Any CPU.ActiveCfg = Debug|Any CPU
		{90B70400-E270-4DD2-A0DB-AFDADA556AB0}.Debug|Any CPU.Build.0 = Debug|Any CPU
		{90B70400-E270-4DD2-A0DB-AFDADA556AB0}.Integration Tests|Any CPU.ActiveCfg = Release|Any CPU
		{90B70400-E270-4DD2-A0DB-AFDADA556AB0}.Integration Tests|Any CPU.Build.0 = Release|Any CPU
		{90B70400-E270-4DD2-A0DB-AFDADA556AB0}.Release|Any CPU.ActiveCfg = Release|Any CPU
		{90B70400-E270-4DD2-A0DB-AFDADA556AB0}.Release|Any CPU.Build.0 = Release|Any CPU
		{93738F4B-4134-4989-A659-E533701FF345}.Debug|Any CPU.ActiveCfg = Debug|Any CPU
		{93738F4B-4134-4989-A659-E533701FF345}.Debug|Any CPU.Build.0 = Debug|Any CPU
		{93738F4B-4134-4989-A659-E533701FF345}.Integration Tests|Any CPU.ActiveCfg = Release|Any CPU
		{93738F4B-4134-4989-A659-E533701FF345}.Integration Tests|Any CPU.Build.0 = Release|Any CPU
		{93738F4B-4134-4989-A659-E533701FF345}.Release|Any CPU.ActiveCfg = Release|Any CPU
		{93738F4B-4134-4989-A659-E533701FF345}.Release|Any CPU.Build.0 = Release|Any CPU
		{32BF16E3-3BAF-406B-88F9-141471FF763B}.Debug|Any CPU.ActiveCfg = Debug|Any CPU
		{32BF16E3-3BAF-406B-88F9-141471FF763B}.Debug|Any CPU.Build.0 = Debug|Any CPU
		{32BF16E3-3BAF-406B-88F9-141471FF763B}.Integration Tests|Any CPU.ActiveCfg = Release|Any CPU
		{32BF16E3-3BAF-406B-88F9-141471FF763B}.Integration Tests|Any CPU.Build.0 = Release|Any CPU
		{32BF16E3-3BAF-406B-88F9-141471FF763B}.Release|Any CPU.ActiveCfg = Release|Any CPU
		{32BF16E3-3BAF-406B-88F9-141471FF763B}.Release|Any CPU.Build.0 = Release|Any CPU
		{2B74B1CD-3739-48EF-AC63-9BCE6F5F3DB4}.Debug|Any CPU.ActiveCfg = Debug|Any CPU
		{2B74B1CD-3739-48EF-AC63-9BCE6F5F3DB4}.Debug|Any CPU.Build.0 = Debug|Any CPU
		{2B74B1CD-3739-48EF-AC63-9BCE6F5F3DB4}.Integration Tests|Any CPU.ActiveCfg = Debug|Any CPU
		{2B74B1CD-3739-48EF-AC63-9BCE6F5F3DB4}.Integration Tests|Any CPU.Build.0 = Debug|Any CPU
		{2B74B1CD-3739-48EF-AC63-9BCE6F5F3DB4}.Release|Any CPU.ActiveCfg = Release|Any CPU
		{2B74B1CD-3739-48EF-AC63-9BCE6F5F3DB4}.Release|Any CPU.Build.0 = Release|Any CPU
		{D2C07576-2FCE-482B-AB22-D902E7282BDF}.Debug|Any CPU.ActiveCfg = Debug|Any CPU
		{D2C07576-2FCE-482B-AB22-D902E7282BDF}.Debug|Any CPU.Build.0 = Debug|Any CPU
		{D2C07576-2FCE-482B-AB22-D902E7282BDF}.Integration Tests|Any CPU.ActiveCfg = Debug|Any CPU
		{D2C07576-2FCE-482B-AB22-D902E7282BDF}.Integration Tests|Any CPU.Build.0 = Debug|Any CPU
		{D2C07576-2FCE-482B-AB22-D902E7282BDF}.Release|Any CPU.ActiveCfg = Release|Any CPU
		{D2C07576-2FCE-482B-AB22-D902E7282BDF}.Release|Any CPU.Build.0 = Release|Any CPU
		{DE6D023B-2169-4522-ABEE-B456A600B76F}.Debug|Any CPU.ActiveCfg = Debug|Any CPU
		{DE6D023B-2169-4522-ABEE-B456A600B76F}.Debug|Any CPU.Build.0 = Debug|Any CPU
		{DE6D023B-2169-4522-ABEE-B456A600B76F}.Integration Tests|Any CPU.ActiveCfg = Debug|Any CPU
		{DE6D023B-2169-4522-ABEE-B456A600B76F}.Integration Tests|Any CPU.Build.0 = Debug|Any CPU
		{DE6D023B-2169-4522-ABEE-B456A600B76F}.Release|Any CPU.ActiveCfg = Release|Any CPU
		{DE6D023B-2169-4522-ABEE-B456A600B76F}.Release|Any CPU.Build.0 = Release|Any CPU
		{62EBAA3E-9787-491E-8B5C-78C981163E5B}.Debug|Any CPU.ActiveCfg = Debug|Any CPU
		{62EBAA3E-9787-491E-8B5C-78C981163E5B}.Debug|Any CPU.Build.0 = Debug|Any CPU
		{62EBAA3E-9787-491E-8B5C-78C981163E5B}.Integration Tests|Any CPU.ActiveCfg = Debug|Any CPU
		{62EBAA3E-9787-491E-8B5C-78C981163E5B}.Integration Tests|Any CPU.Build.0 = Debug|Any CPU
		{62EBAA3E-9787-491E-8B5C-78C981163E5B}.Release|Any CPU.ActiveCfg = Release|Any CPU
		{62EBAA3E-9787-491E-8B5C-78C981163E5B}.Release|Any CPU.Build.0 = Release|Any CPU
		{0911AA3D-D9BA-4F86-9AED-E0C176824455}.Debug|Any CPU.ActiveCfg = Debug|Any CPU
		{0911AA3D-D9BA-4F86-9AED-E0C176824455}.Debug|Any CPU.Build.0 = Debug|Any CPU
		{0911AA3D-D9BA-4F86-9AED-E0C176824455}.Integration Tests|Any CPU.ActiveCfg = Debug|Any CPU
		{0911AA3D-D9BA-4F86-9AED-E0C176824455}.Integration Tests|Any CPU.Build.0 = Debug|Any CPU
		{0911AA3D-D9BA-4F86-9AED-E0C176824455}.Release|Any CPU.ActiveCfg = Release|Any CPU
		{0911AA3D-D9BA-4F86-9AED-E0C176824455}.Release|Any CPU.Build.0 = Release|Any CPU
		{41925855-62F0-41F0-9213-65DFCD074924}.Debug|Any CPU.ActiveCfg = Debug|Any CPU
		{41925855-62F0-41F0-9213-65DFCD074924}.Debug|Any CPU.Build.0 = Debug|Any CPU
		{41925855-62F0-41F0-9213-65DFCD074924}.Integration Tests|Any CPU.ActiveCfg = Debug|Any CPU
		{41925855-62F0-41F0-9213-65DFCD074924}.Integration Tests|Any CPU.Build.0 = Debug|Any CPU
		{41925855-62F0-41F0-9213-65DFCD074924}.Release|Any CPU.ActiveCfg = Release|Any CPU
		{41925855-62F0-41F0-9213-65DFCD074924}.Release|Any CPU.Build.0 = Release|Any CPU
		{7CDF2DED-89D0-479F-9CC4-586451766FC1}.Debug|Any CPU.ActiveCfg = Debug|Any CPU
		{7CDF2DED-89D0-479F-9CC4-586451766FC1}.Debug|Any CPU.Build.0 = Debug|Any CPU
		{7CDF2DED-89D0-479F-9CC4-586451766FC1}.Integration Tests|Any CPU.ActiveCfg = Debug|Any CPU
		{7CDF2DED-89D0-479F-9CC4-586451766FC1}.Integration Tests|Any CPU.Build.0 = Debug|Any CPU
		{7CDF2DED-89D0-479F-9CC4-586451766FC1}.Release|Any CPU.ActiveCfg = Release|Any CPU
		{7CDF2DED-89D0-479F-9CC4-586451766FC1}.Release|Any CPU.Build.0 = Release|Any CPU
		{1F2BA0CE-AF99-4BE6-87A1-860AD49D290F}.Debug|Any CPU.ActiveCfg = Debug|Any CPU
		{1F2BA0CE-AF99-4BE6-87A1-860AD49D290F}.Debug|Any CPU.Build.0 = Debug|Any CPU
		{1F2BA0CE-AF99-4BE6-87A1-860AD49D290F}.Integration Tests|Any CPU.ActiveCfg = Debug|Any CPU
		{1F2BA0CE-AF99-4BE6-87A1-860AD49D290F}.Integration Tests|Any CPU.Build.0 = Debug|Any CPU
		{1F2BA0CE-AF99-4BE6-87A1-860AD49D290F}.Release|Any CPU.ActiveCfg = Release|Any CPU
		{1F2BA0CE-AF99-4BE6-87A1-860AD49D290F}.Release|Any CPU.Build.0 = Release|Any CPU
		{6AC6EA92-93B5-4DFC-8913-634C33AE180F}.Debug|Any CPU.ActiveCfg = Debug|Any CPU
		{6AC6EA92-93B5-4DFC-8913-634C33AE180F}.Debug|Any CPU.Build.0 = Debug|Any CPU
		{6AC6EA92-93B5-4DFC-8913-634C33AE180F}.Integration Tests|Any CPU.ActiveCfg = Debug|Any CPU
		{6AC6EA92-93B5-4DFC-8913-634C33AE180F}.Integration Tests|Any CPU.Build.0 = Debug|Any CPU
		{6AC6EA92-93B5-4DFC-8913-634C33AE180F}.Release|Any CPU.ActiveCfg = Release|Any CPU
		{6AC6EA92-93B5-4DFC-8913-634C33AE180F}.Release|Any CPU.Build.0 = Release|Any CPU
		{5E623309-AE49-448A-8344-47085491B5A0}.Debug|Any CPU.ActiveCfg = Debug|Any CPU
		{5E623309-AE49-448A-8344-47085491B5A0}.Debug|Any CPU.Build.0 = Debug|Any CPU
		{5E623309-AE49-448A-8344-47085491B5A0}.Integration Tests|Any CPU.ActiveCfg = Debug|Any CPU
		{5E623309-AE49-448A-8344-47085491B5A0}.Integration Tests|Any CPU.Build.0 = Debug|Any CPU
		{5E623309-AE49-448A-8344-47085491B5A0}.Release|Any CPU.ActiveCfg = Release|Any CPU
		{5E623309-AE49-448A-8344-47085491B5A0}.Release|Any CPU.Build.0 = Release|Any CPU
		{F0441886-19F1-4953-A49C-A1ECFB2FF318}.Debug|Any CPU.ActiveCfg = Debug|Any CPU
		{F0441886-19F1-4953-A49C-A1ECFB2FF318}.Debug|Any CPU.Build.0 = Debug|Any CPU
		{F0441886-19F1-4953-A49C-A1ECFB2FF318}.Integration Tests|Any CPU.ActiveCfg = Debug|Any CPU
		{F0441886-19F1-4953-A49C-A1ECFB2FF318}.Integration Tests|Any CPU.Build.0 = Debug|Any CPU
		{F0441886-19F1-4953-A49C-A1ECFB2FF318}.Release|Any CPU.ActiveCfg = Release|Any CPU
		{F0441886-19F1-4953-A49C-A1ECFB2FF318}.Release|Any CPU.Build.0 = Release|Any CPU
		{A9380F75-19C3-44C7-AE0C-B03725E25BB3}.Debug|Any CPU.ActiveCfg = Debug|Any CPU
		{A9380F75-19C3-44C7-AE0C-B03725E25BB3}.Debug|Any CPU.Build.0 = Debug|Any CPU
		{A9380F75-19C3-44C7-AE0C-B03725E25BB3}.Integration Tests|Any CPU.ActiveCfg = Debug|Any CPU
		{A9380F75-19C3-44C7-AE0C-B03725E25BB3}.Integration Tests|Any CPU.Build.0 = Debug|Any CPU
		{A9380F75-19C3-44C7-AE0C-B03725E25BB3}.Release|Any CPU.ActiveCfg = Release|Any CPU
		{A9380F75-19C3-44C7-AE0C-B03725E25BB3}.Release|Any CPU.Build.0 = Release|Any CPU
		{42FEB73A-F37D-4742-A0A9-85682A443497}.Debug|Any CPU.ActiveCfg = Debug|Any CPU
		{42FEB73A-F37D-4742-A0A9-85682A443497}.Debug|Any CPU.Build.0 = Debug|Any CPU
		{42FEB73A-F37D-4742-A0A9-85682A443497}.Integration Tests|Any CPU.ActiveCfg = Debug|Any CPU
		{42FEB73A-F37D-4742-A0A9-85682A443497}.Integration Tests|Any CPU.Build.0 = Debug|Any CPU
		{42FEB73A-F37D-4742-A0A9-85682A443497}.Release|Any CPU.ActiveCfg = Release|Any CPU
		{42FEB73A-F37D-4742-A0A9-85682A443497}.Release|Any CPU.Build.0 = Release|Any CPU
		{169629D2-4729-4A18-BF02-EDD91329E811}.Debug|Any CPU.ActiveCfg = Debug|Any CPU
		{169629D2-4729-4A18-BF02-EDD91329E811}.Debug|Any CPU.Build.0 = Debug|Any CPU
		{169629D2-4729-4A18-BF02-EDD91329E811}.Integration Tests|Any CPU.ActiveCfg = Debug|Any CPU
		{169629D2-4729-4A18-BF02-EDD91329E811}.Integration Tests|Any CPU.Build.0 = Debug|Any CPU
		{169629D2-4729-4A18-BF02-EDD91329E811}.Release|Any CPU.ActiveCfg = Release|Any CPU
		{169629D2-4729-4A18-BF02-EDD91329E811}.Release|Any CPU.Build.0 = Release|Any CPU
		{E14E14F5-C77F-4B0A-B79D-1D1F8A0DF210}.Debug|Any CPU.ActiveCfg = Debug|Any CPU
		{E14E14F5-C77F-4B0A-B79D-1D1F8A0DF210}.Debug|Any CPU.Build.0 = Debug|Any CPU
		{E14E14F5-C77F-4B0A-B79D-1D1F8A0DF210}.Integration Tests|Any CPU.ActiveCfg = Debug|Any CPU
		{E14E14F5-C77F-4B0A-B79D-1D1F8A0DF210}.Integration Tests|Any CPU.Build.0 = Debug|Any CPU
		{E14E14F5-C77F-4B0A-B79D-1D1F8A0DF210}.Release|Any CPU.ActiveCfg = Release|Any CPU
		{E14E14F5-C77F-4B0A-B79D-1D1F8A0DF210}.Release|Any CPU.Build.0 = Release|Any CPU
	EndGlobalSection
	GlobalSection(SolutionProperties) = preSolution
		HideSolutionNode = FALSE
	EndGlobalSection
	GlobalSection(NestedProjects) = preSolution
		{07C594AE-6ADA-47B6-A354-10DD309CF658} = {0CB26D53-D834-4ADC-B307-F7F7EE1FC2F8}
		{B84BABD7-9481-4C1D-976D-3D794CCD10C2} = {0CB26D53-D834-4ADC-B307-F7F7EE1FC2F8}
		{46B5898D-8C5E-49DC-8155-C7A964E1096D} = {85EF15B6-1D88-496E-933A-0AE602FD336A}
		{59E2E0EB-EDD6-4FFF-ACA5-96CC24612B5B} = {85EF15B6-1D88-496E-933A-0AE602FD336A}
		{6550AF23-A328-4E05-895D-BC7CD320950E} = {85EF15B6-1D88-496E-933A-0AE602FD336A}
		{90B70400-E270-4DD2-A0DB-AFDADA556AB0} = {85EF15B6-1D88-496E-933A-0AE602FD336A}
		{93738F4B-4134-4989-A659-E533701FF345} = {85EF15B6-1D88-496E-933A-0AE602FD336A}
		{32BF16E3-3BAF-406B-88F9-141471FF763B} = {85EF15B6-1D88-496E-933A-0AE602FD336A}
		{2B74B1CD-3739-48EF-AC63-9BCE6F5F3DB4} = {85EF15B6-1D88-496E-933A-0AE602FD336A}
		{D2C07576-2FCE-482B-AB22-D902E7282BDF} = {85EF15B6-1D88-496E-933A-0AE602FD336A}
		{0911AA3D-D9BA-4F86-9AED-E0C176824455} = {85EF15B6-1D88-496E-933A-0AE602FD336A}
		{41925855-62F0-41F0-9213-65DFCD074924} = {85EF15B6-1D88-496E-933A-0AE602FD336A}
		{7CDF2DED-89D0-479F-9CC4-586451766FC1} = {85EF15B6-1D88-496E-933A-0AE602FD336A}
		{6AC6EA92-93B5-4DFC-8913-634C33AE180F} = {85EF15B6-1D88-496E-933A-0AE602FD336A}
		{5E623309-AE49-448A-8344-47085491B5A0} = {02EA681E-C7D8-13C7-8484-4AC65E1B71E8}
		{F0441886-19F1-4953-A49C-A1ECFB2FF318} = {02EA681E-C7D8-13C7-8484-4AC65E1B71E8}
		{246A0520-6FE7-45D8-BC7D-E40CBFE6858D} = {A6588C29-1A2C-4CB7-B442-95FE5CA4618B}
		{A9380F75-19C3-44C7-AE0C-B03725E25BB3} = {246A0520-6FE7-45D8-BC7D-E40CBFE6858D}
		{98CBB74E-CB37-4FBF-8B28-9585CDEDB5C8} = {A6588C29-1A2C-4CB7-B442-95FE5CA4618B}
		{42FEB73A-F37D-4742-A0A9-85682A443497} = {98CBB74E-CB37-4FBF-8B28-9585CDEDB5C8}
		{169629D2-4729-4A18-BF02-EDD91329E811} = {C9A58416-899E-4EE6-A4B4-C127E004764F}
		{E14E14F5-C77F-4B0A-B79D-1D1F8A0DF210} = {21C4EBB0-BC82-416F-9115-7A410E8DBFD7}
	EndGlobalSection
	GlobalSection(ExtensibilityGlobals) = postSolution
		SolutionGuid = {CCE1AB69-A62F-420B-88D0-216C65C26EAD}
	EndGlobalSection
EndGlobal
