
Microsoft Visual Studio Solution File, Format Version 12.00
# Visual Studio Version 17
VisualStudioVersion = 17.4.33403.182
MinimumVisualStudioVersion = 10.0.40219.1
Project("{2150E333-8FDC-42A3-9474-1A3956D46DE8}") = "polaris-pipeline", "polaris-pipeline", "{85EF15B6-1D88-496E-933A-0AE602FD336A}"
EndProject
Project("{2150E333-8FDC-42A3-9474-1A3956D46DE8}") = "polaris-gateway", "polaris-gateway", "{3F04D8CF-B0FB-4776-913A-969ED4CB3F24}"
	ProjectSection(SolutionItems) = preProject
		polaris-gateway\polaris-gateway.common\Extensions\ValidationExtensions.cs = polaris-gateway\polaris-gateway.common\Extensions\ValidationExtensions.cs
	EndProjectSection
EndProject
Project("{9A19103F-16F7-4668-BE54-9A1E7A4F7556}") = "Common", "polaris-pipeline\Common\Common.csproj", "{07C594AE-6ADA-47B6-A354-10DD309CF658}"
EndProject
Project("{9A19103F-16F7-4668-BE54-9A1E7A4F7556}") = "Common.tests", "polaris-pipeline\Common.tests\Common.tests.csproj", "{B84BABD7-9481-4C1D-976D-3D794CCD10C2}"
EndProject
Project("{9A19103F-16F7-4668-BE54-9A1E7A4F7556}") = "coordinator", "polaris-pipeline\coordinator\coordinator.csproj", "{46B5898D-8C5E-49DC-8155-C7A964E1096D}"
EndProject
Project("{9A19103F-16F7-4668-BE54-9A1E7A4F7556}") = "coordinator.tests", "polaris-pipeline\coordinator.tests\coordinator.tests.csproj", "{59E2E0EB-EDD6-4FFF-ACA5-96CC24612B5B}"
EndProject
Project("{9A19103F-16F7-4668-BE54-9A1E7A4F7556}") = "pdf-generator", "polaris-pipeline\pdf-generator\pdf-generator.csproj", "{6550AF23-A328-4E05-895D-BC7CD320950E}"
EndProject
Project("{9A19103F-16F7-4668-BE54-9A1E7A4F7556}") = "pdf-generator.tests", "polaris-pipeline\pdf-generator.tests\pdf-generator.tests.csproj", "{90B70400-E270-4DD2-A0DB-AFDADA556AB0}"
EndProject
Project("{9A19103F-16F7-4668-BE54-9A1E7A4F7556}") = "text-extractor", "polaris-pipeline\text-extractor\text-extractor.csproj", "{93738F4B-4134-4989-A659-E533701FF345}"
EndProject
Project("{9A19103F-16F7-4668-BE54-9A1E7A4F7556}") = "text-extractor.tests", "polaris-pipeline\text-extractor.tests\text-extractor.tests.csproj", "{32BF16E3-3BAF-406B-88F9-141471FF763B}"
EndProject
Project("{9A19103F-16F7-4668-BE54-9A1E7A4F7556}") = "polaris-gateway", "polaris-gateway\polaris-gateway\polaris-gateway.csproj", "{5E2A4D67-2BC2-4653-9BB7-A354E0343706}"
EndProject
Project("{9A19103F-16F7-4668-BE54-9A1E7A4F7556}") = "polaris-gateway.tests", "polaris-gateway\polaris-gateway.tests\polaris-gateway.tests.csproj", "{458C1D9C-6753-4EB8-AFB3-93598E925979}"
EndProject
Project("{2150E333-8FDC-42A3-9474-1A3956D46DE8}") = "Common", "Common", "{0CB26D53-D834-4ADC-B307-F7F7EE1FC2F8}"
EndProject
Project("{9A19103F-16F7-4668-BE54-9A1E7A4F7556}") = "polaris-auth-handover", "polaris-gateway\polaris-auth-handover\polaris-auth-handover.csproj", "{1FA73566-023F-43E9-9903-97E1DD62AC58}"
	ProjectSection(ProjectDependencies) = postProject
		{07C594AE-6ADA-47B6-A354-10DD309CF658} = {07C594AE-6ADA-47B6-A354-10DD309CF658}
	EndProjectSection
EndProject
Project("{9A19103F-16F7-4668-BE54-9A1E7A4F7556}") = "polaris-gateway.common", "polaris-gateway\polaris-gateway.common\polaris-gateway.common.csproj", "{B1DB5ED8-D60E-467C-BC74-C7077DC834B0}"
EndProject
Project("{2150E333-8FDC-42A3-9474-1A3956D46DE8}") = "DdeiClient", "DdeiClient", "{AC71D5C1-6428-4D75-8C2D-BD1DFEE9F7F6}"
EndProject
Project("{9A19103F-16F7-4668-BE54-9A1E7A4F7556}") = "DdeiClient", "polaris-pipeline\DdeiClient\DdeiClient.csproj", "{46CA2F61-0283-43A0-BCEC-9A84766FE0DD}"
EndProject
Project("{2150E333-8FDC-42A3-9474-1A3956D46DE8}") = "DdeiServer", "DdeiServer", "{21188A20-E627-4785-986E-6A9486D324D3}"
EndProject
Project("{9A19103F-16F7-4668-BE54-9A1E7A4F7556}") = "polaris-ddei-mock", "polaris-ddei-mock\polaris-ddei-mock.csproj", "{56B9FB84-6ABB-4F1E-BFB1-461427617250}"
EndProject
Project("{2150E333-8FDC-42A3-9474-1A3956D46DE8}") = "polaris-integration.tests", "polaris-integration.tests", "{B4BB7C42-9CA4-4DC3-A4A7-57E969A8A510}"
	ProjectSection(SolutionItems) = preProject
		polaris-integration.tests\BaseCoordinatorScalingTest.cs = polaris-integration.tests\BaseCoordinatorScalingTest.cs
	EndProjectSection
EndProject
Project("{9A19103F-16F7-4668-BE54-9A1E7A4F7556}") = "polaris-auth-handover.tests", "polaris-gateway\polaris-auth-handover.tests\polaris-auth-handover.tests.csproj", "{FE77B6D7-FF02-4298-A4DC-6B8E74B0237C}"
EndProject
Project("{2150E333-8FDC-42A3-9474-1A3956D46DE8}") = "polaris-common", "polaris-common", "{ECAFE4ED-597D-4D53-A144-BB1B47405AAA}"
EndProject
Project("{9A19103F-16F7-4668-BE54-9A1E7A4F7556}") = "polaris-common", "polaris-common\polaris-common\polaris-common.csproj", "{177F228F-9B2C-428A-BD03-68721A81EAB6}"
EndProject
Project("{FAE04EC0-301F-11D3-BF4B-00C04F79EFBC}") = "pdf-generator.test-harness", "polaris-pipeline\pdf-generator.test-harness\pdf-generator.test-harness.csproj", "{2B74B1CD-3739-48EF-AC63-9BCE6F5F3DB4}"
EndProject
Global
	GlobalSection(SolutionConfigurationPlatforms) = preSolution
		Debug|Any CPU = Debug|Any CPU
		Integration Tests|Any CPU = Integration Tests|Any CPU
		Release|Any CPU = Release|Any CPU
	EndGlobalSection
	GlobalSection(ProjectConfigurationPlatforms) = postSolution
		{07C594AE-6ADA-47B6-A354-10DD309CF658}.Debug|Any CPU.ActiveCfg = Debug|Any CPU
		{07C594AE-6ADA-47B6-A354-10DD309CF658}.Debug|Any CPU.Build.0 = Debug|Any CPU
		{07C594AE-6ADA-47B6-A354-10DD309CF658}.Integration Tests|Any CPU.ActiveCfg = Release|Any CPU
		{07C594AE-6ADA-47B6-A354-10DD309CF658}.Integration Tests|Any CPU.Build.0 = Release|Any CPU
		{07C594AE-6ADA-47B6-A354-10DD309CF658}.Release|Any CPU.ActiveCfg = Release|Any CPU
		{07C594AE-6ADA-47B6-A354-10DD309CF658}.Release|Any CPU.Build.0 = Release|Any CPU
		{B84BABD7-9481-4C1D-976D-3D794CCD10C2}.Debug|Any CPU.ActiveCfg = Debug|Any CPU
		{B84BABD7-9481-4C1D-976D-3D794CCD10C2}.Debug|Any CPU.Build.0 = Debug|Any CPU
		{B84BABD7-9481-4C1D-976D-3D794CCD10C2}.Integration Tests|Any CPU.ActiveCfg = Release|Any CPU
		{B84BABD7-9481-4C1D-976D-3D794CCD10C2}.Integration Tests|Any CPU.Build.0 = Release|Any CPU
		{B84BABD7-9481-4C1D-976D-3D794CCD10C2}.Release|Any CPU.ActiveCfg = Release|Any CPU
		{B84BABD7-9481-4C1D-976D-3D794CCD10C2}.Release|Any CPU.Build.0 = Release|Any CPU
		{46B5898D-8C5E-49DC-8155-C7A964E1096D}.Debug|Any CPU.ActiveCfg = Debug|Any CPU
		{46B5898D-8C5E-49DC-8155-C7A964E1096D}.Debug|Any CPU.Build.0 = Debug|Any CPU
		{46B5898D-8C5E-49DC-8155-C7A964E1096D}.Integration Tests|Any CPU.ActiveCfg = Release|Any CPU
		{46B5898D-8C5E-49DC-8155-C7A964E1096D}.Integration Tests|Any CPU.Build.0 = Release|Any CPU
		{46B5898D-8C5E-49DC-8155-C7A964E1096D}.Release|Any CPU.ActiveCfg = Release|Any CPU
		{46B5898D-8C5E-49DC-8155-C7A964E1096D}.Release|Any CPU.Build.0 = Release|Any CPU
		{59E2E0EB-EDD6-4FFF-ACA5-96CC24612B5B}.Debug|Any CPU.ActiveCfg = Debug|Any CPU
		{59E2E0EB-EDD6-4FFF-ACA5-96CC24612B5B}.Debug|Any CPU.Build.0 = Debug|Any CPU
		{59E2E0EB-EDD6-4FFF-ACA5-96CC24612B5B}.Integration Tests|Any CPU.ActiveCfg = Release|Any CPU
		{59E2E0EB-EDD6-4FFF-ACA5-96CC24612B5B}.Integration Tests|Any CPU.Build.0 = Release|Any CPU
		{59E2E0EB-EDD6-4FFF-ACA5-96CC24612B5B}.Release|Any CPU.ActiveCfg = Release|Any CPU
		{59E2E0EB-EDD6-4FFF-ACA5-96CC24612B5B}.Release|Any CPU.Build.0 = Release|Any CPU
		{6550AF23-A328-4E05-895D-BC7CD320950E}.Debug|Any CPU.ActiveCfg = Debug|Any CPU
		{6550AF23-A328-4E05-895D-BC7CD320950E}.Debug|Any CPU.Build.0 = Debug|Any CPU
		{6550AF23-A328-4E05-895D-BC7CD320950E}.Integration Tests|Any CPU.ActiveCfg = Release|Any CPU
		{6550AF23-A328-4E05-895D-BC7CD320950E}.Integration Tests|Any CPU.Build.0 = Release|Any CPU
		{6550AF23-A328-4E05-895D-BC7CD320950E}.Release|Any CPU.ActiveCfg = Release|Any CPU
		{6550AF23-A328-4E05-895D-BC7CD320950E}.Release|Any CPU.Build.0 = Release|Any CPU
		{90B70400-E270-4DD2-A0DB-AFDADA556AB0}.Debug|Any CPU.ActiveCfg = Debug|Any CPU
		{90B70400-E270-4DD2-A0DB-AFDADA556AB0}.Debug|Any CPU.Build.0 = Debug|Any CPU
		{90B70400-E270-4DD2-A0DB-AFDADA556AB0}.Integration Tests|Any CPU.ActiveCfg = Release|Any CPU
		{90B70400-E270-4DD2-A0DB-AFDADA556AB0}.Integration Tests|Any CPU.Build.0 = Release|Any CPU
		{90B70400-E270-4DD2-A0DB-AFDADA556AB0}.Release|Any CPU.ActiveCfg = Release|Any CPU
		{90B70400-E270-4DD2-A0DB-AFDADA556AB0}.Release|Any CPU.Build.0 = Release|Any CPU
		{93738F4B-4134-4989-A659-E533701FF345}.Debug|Any CPU.ActiveCfg = Debug|Any CPU
		{93738F4B-4134-4989-A659-E533701FF345}.Debug|Any CPU.Build.0 = Debug|Any CPU
		{93738F4B-4134-4989-A659-E533701FF345}.Integration Tests|Any CPU.ActiveCfg = Release|Any CPU
		{93738F4B-4134-4989-A659-E533701FF345}.Integration Tests|Any CPU.Build.0 = Release|Any CPU
		{93738F4B-4134-4989-A659-E533701FF345}.Release|Any CPU.ActiveCfg = Release|Any CPU
		{93738F4B-4134-4989-A659-E533701FF345}.Release|Any CPU.Build.0 = Release|Any CPU
		{32BF16E3-3BAF-406B-88F9-141471FF763B}.Debug|Any CPU.ActiveCfg = Debug|Any CPU
		{32BF16E3-3BAF-406B-88F9-141471FF763B}.Debug|Any CPU.Build.0 = Debug|Any CPU
		{32BF16E3-3BAF-406B-88F9-141471FF763B}.Integration Tests|Any CPU.ActiveCfg = Release|Any CPU
		{32BF16E3-3BAF-406B-88F9-141471FF763B}.Integration Tests|Any CPU.Build.0 = Release|Any CPU
		{32BF16E3-3BAF-406B-88F9-141471FF763B}.Release|Any CPU.ActiveCfg = Release|Any CPU
		{32BF16E3-3BAF-406B-88F9-141471FF763B}.Release|Any CPU.Build.0 = Release|Any CPU
		{5E2A4D67-2BC2-4653-9BB7-A354E0343706}.Debug|Any CPU.ActiveCfg = Debug|Any CPU
		{5E2A4D67-2BC2-4653-9BB7-A354E0343706}.Debug|Any CPU.Build.0 = Debug|Any CPU
		{5E2A4D67-2BC2-4653-9BB7-A354E0343706}.Integration Tests|Any CPU.ActiveCfg = Release|Any CPU
		{5E2A4D67-2BC2-4653-9BB7-A354E0343706}.Integration Tests|Any CPU.Build.0 = Release|Any CPU
		{5E2A4D67-2BC2-4653-9BB7-A354E0343706}.Release|Any CPU.ActiveCfg = Release|Any CPU
		{5E2A4D67-2BC2-4653-9BB7-A354E0343706}.Release|Any CPU.Build.0 = Release|Any CPU
		{458C1D9C-6753-4EB8-AFB3-93598E925979}.Debug|Any CPU.ActiveCfg = Debug|Any CPU
		{458C1D9C-6753-4EB8-AFB3-93598E925979}.Debug|Any CPU.Build.0 = Debug|Any CPU
		{458C1D9C-6753-4EB8-AFB3-93598E925979}.Integration Tests|Any CPU.ActiveCfg = Release|Any CPU
		{458C1D9C-6753-4EB8-AFB3-93598E925979}.Integration Tests|Any CPU.Build.0 = Release|Any CPU
		{458C1D9C-6753-4EB8-AFB3-93598E925979}.Release|Any CPU.ActiveCfg = Release|Any CPU
		{458C1D9C-6753-4EB8-AFB3-93598E925979}.Release|Any CPU.Build.0 = Release|Any CPU
		{1FA73566-023F-43E9-9903-97E1DD62AC58}.Debug|Any CPU.ActiveCfg = Debug|Any CPU
		{1FA73566-023F-43E9-9903-97E1DD62AC58}.Debug|Any CPU.Build.0 = Debug|Any CPU
		{1FA73566-023F-43E9-9903-97E1DD62AC58}.Integration Tests|Any CPU.ActiveCfg = Release|Any CPU
		{1FA73566-023F-43E9-9903-97E1DD62AC58}.Integration Tests|Any CPU.Build.0 = Release|Any CPU
		{1FA73566-023F-43E9-9903-97E1DD62AC58}.Release|Any CPU.ActiveCfg = Release|Any CPU
		{1FA73566-023F-43E9-9903-97E1DD62AC58}.Release|Any CPU.Build.0 = Release|Any CPU
		{B1DB5ED8-D60E-467C-BC74-C7077DC834B0}.Debug|Any CPU.ActiveCfg = Debug|Any CPU
		{B1DB5ED8-D60E-467C-BC74-C7077DC834B0}.Debug|Any CPU.Build.0 = Debug|Any CPU
		{B1DB5ED8-D60E-467C-BC74-C7077DC834B0}.Integration Tests|Any CPU.ActiveCfg = Release|Any CPU
		{B1DB5ED8-D60E-467C-BC74-C7077DC834B0}.Integration Tests|Any CPU.Build.0 = Release|Any CPU
		{B1DB5ED8-D60E-467C-BC74-C7077DC834B0}.Release|Any CPU.ActiveCfg = Release|Any CPU
		{B1DB5ED8-D60E-467C-BC74-C7077DC834B0}.Release|Any CPU.Build.0 = Release|Any CPU
		{46CA2F61-0283-43A0-BCEC-9A84766FE0DD}.Debug|Any CPU.ActiveCfg = Debug|Any CPU
		{46CA2F61-0283-43A0-BCEC-9A84766FE0DD}.Debug|Any CPU.Build.0 = Debug|Any CPU
		{46CA2F61-0283-43A0-BCEC-9A84766FE0DD}.Integration Tests|Any CPU.ActiveCfg = Release|Any CPU
		{46CA2F61-0283-43A0-BCEC-9A84766FE0DD}.Integration Tests|Any CPU.Build.0 = Release|Any CPU
		{46CA2F61-0283-43A0-BCEC-9A84766FE0DD}.Release|Any CPU.ActiveCfg = Release|Any CPU
		{46CA2F61-0283-43A0-BCEC-9A84766FE0DD}.Release|Any CPU.Build.0 = Release|Any CPU
		{56B9FB84-6ABB-4F1E-BFB1-461427617250}.Debug|Any CPU.ActiveCfg = Debug|Any CPU
		{56B9FB84-6ABB-4F1E-BFB1-461427617250}.Debug|Any CPU.Build.0 = Debug|Any CPU
		{56B9FB84-6ABB-4F1E-BFB1-461427617250}.Integration Tests|Any CPU.ActiveCfg = Release|Any CPU
		{56B9FB84-6ABB-4F1E-BFB1-461427617250}.Integration Tests|Any CPU.Build.0 = Release|Any CPU
		{56B9FB84-6ABB-4F1E-BFB1-461427617250}.Release|Any CPU.ActiveCfg = Release|Any CPU
		{56B9FB84-6ABB-4F1E-BFB1-461427617250}.Release|Any CPU.Build.0 = Release|Any CPU
		{FE77B6D7-FF02-4298-A4DC-6B8E74B0237C}.Debug|Any CPU.ActiveCfg = Debug|Any CPU
		{FE77B6D7-FF02-4298-A4DC-6B8E74B0237C}.Debug|Any CPU.Build.0 = Debug|Any CPU
		{FE77B6D7-FF02-4298-A4DC-6B8E74B0237C}.Integration Tests|Any CPU.ActiveCfg = Debug|Any CPU
		{FE77B6D7-FF02-4298-A4DC-6B8E74B0237C}.Integration Tests|Any CPU.Build.0 = Debug|Any CPU
		{FE77B6D7-FF02-4298-A4DC-6B8E74B0237C}.Release|Any CPU.ActiveCfg = Release|Any CPU
		{FE77B6D7-FF02-4298-A4DC-6B8E74B0237C}.Release|Any CPU.Build.0 = Release|Any CPU
		{177F228F-9B2C-428A-BD03-68721A81EAB6}.Debug|Any CPU.ActiveCfg = Debug|Any CPU
		{177F228F-9B2C-428A-BD03-68721A81EAB6}.Debug|Any CPU.Build.0 = Debug|Any CPU
		{177F228F-9B2C-428A-BD03-68721A81EAB6}.Integration Tests|Any CPU.ActiveCfg = Debug|Any CPU
		{177F228F-9B2C-428A-BD03-68721A81EAB6}.Integration Tests|Any CPU.Build.0 = Debug|Any CPU
		{177F228F-9B2C-428A-BD03-68721A81EAB6}.Release|Any CPU.ActiveCfg = Release|Any CPU
		{177F228F-9B2C-428A-BD03-68721A81EAB6}.Release|Any CPU.Build.0 = Release|Any CPU
		{C6161CF7-8A04-4EC9-908D-1F4CF78AF00F}.Debug|Any CPU.ActiveCfg = Debug|Any CPU
		{C6161CF7-8A04-4EC9-908D-1F4CF78AF00F}.Debug|Any CPU.Build.0 = Debug|Any CPU
		{C6161CF7-8A04-4EC9-908D-1F4CF78AF00F}.Integration Tests|Any CPU.ActiveCfg = Debug|Any CPU
		{C6161CF7-8A04-4EC9-908D-1F4CF78AF00F}.Integration Tests|Any CPU.Build.0 = Debug|Any CPU
		{C6161CF7-8A04-4EC9-908D-1F4CF78AF00F}.Release|Any CPU.ActiveCfg = Release|Any CPU
		{C6161CF7-8A04-4EC9-908D-1F4CF78AF00F}.Release|Any CPU.Build.0 = Release|Any CPU
		{2B74B1CD-3739-48EF-AC63-9BCE6F5F3DB4}.Debug|Any CPU.ActiveCfg = Debug|Any CPU
		{2B74B1CD-3739-48EF-AC63-9BCE6F5F3DB4}.Debug|Any CPU.Build.0 = Debug|Any CPU
		{2B74B1CD-3739-48EF-AC63-9BCE6F5F3DB4}.Integration Tests|Any CPU.ActiveCfg = Debug|Any CPU
		{2B74B1CD-3739-48EF-AC63-9BCE6F5F3DB4}.Integration Tests|Any CPU.Build.0 = Debug|Any CPU
		{2B74B1CD-3739-48EF-AC63-9BCE6F5F3DB4}.Release|Any CPU.ActiveCfg = Release|Any CPU
		{2B74B1CD-3739-48EF-AC63-9BCE6F5F3DB4}.Release|Any CPU.Build.0 = Release|Any CPU
	EndGlobalSection
	GlobalSection(SolutionProperties) = preSolution
		HideSolutionNode = FALSE
	EndGlobalSection
	GlobalSection(NestedProjects) = preSolution
		{07C594AE-6ADA-47B6-A354-10DD309CF658} = {0CB26D53-D834-4ADC-B307-F7F7EE1FC2F8}
		{B84BABD7-9481-4C1D-976D-3D794CCD10C2} = {0CB26D53-D834-4ADC-B307-F7F7EE1FC2F8}
		{46B5898D-8C5E-49DC-8155-C7A964E1096D} = {85EF15B6-1D88-496E-933A-0AE602FD336A}
		{59E2E0EB-EDD6-4FFF-ACA5-96CC24612B5B} = {85EF15B6-1D88-496E-933A-0AE602FD336A}
		{6550AF23-A328-4E05-895D-BC7CD320950E} = {85EF15B6-1D88-496E-933A-0AE602FD336A}
		{90B70400-E270-4DD2-A0DB-AFDADA556AB0} = {85EF15B6-1D88-496E-933A-0AE602FD336A}
		{93738F4B-4134-4989-A659-E533701FF345} = {85EF15B6-1D88-496E-933A-0AE602FD336A}
		{32BF16E3-3BAF-406B-88F9-141471FF763B} = {85EF15B6-1D88-496E-933A-0AE602FD336A}
		{5E2A4D67-2BC2-4653-9BB7-A354E0343706} = {3F04D8CF-B0FB-4776-913A-969ED4CB3F24}
		{458C1D9C-6753-4EB8-AFB3-93598E925979} = {3F04D8CF-B0FB-4776-913A-969ED4CB3F24}
		{1FA73566-023F-43E9-9903-97E1DD62AC58} = {3F04D8CF-B0FB-4776-913A-969ED4CB3F24}
		{B1DB5ED8-D60E-467C-BC74-C7077DC834B0} = {3F04D8CF-B0FB-4776-913A-969ED4CB3F24}
		{46CA2F61-0283-43A0-BCEC-9A84766FE0DD} = {AC71D5C1-6428-4D75-8C2D-BD1DFEE9F7F6}
		{56B9FB84-6ABB-4F1E-BFB1-461427617250} = {21188A20-E627-4785-986E-6A9486D324D3}
		{FE77B6D7-FF02-4298-A4DC-6B8E74B0237C} = {3F04D8CF-B0FB-4776-913A-969ED4CB3F24}
		{177F228F-9B2C-428A-BD03-68721A81EAB6} = {ECAFE4ED-597D-4D53-A144-BB1B47405AAA}
		{C6161CF7-8A04-4EC9-908D-1F4CF78AF00F} = {85EF15B6-1D88-496E-933A-0AE602FD336A}
		{2B74B1CD-3739-48EF-AC63-9BCE6F5F3DB4} = {85EF15B6-1D88-496E-933A-0AE602FD336A}
	EndGlobalSection
	GlobalSection(ExtensibilityGlobals) = postSolution
		SolutionGuid = {CCE1AB69-A62F-420B-88D0-216C65C26EAD}
	EndGlobalSection
EndGlobal
