
Microsoft Visual Studio Solution File, Format Version 12.00
# Visual Studio Version 16
VisualStudioVersion = 25.0.1706.4
MinimumVisualStudioVersion = 10.0.40219.1
Project("{FAE04EC0-301F-11D3-BF4B-00C04F79EFBC}") = "polaris-analytics", "polaris-analytics.csproj", "{ED209CE9-AD36-4C94-8CCF-43C4D5600CB3}"
EndProject
Global
	GlobalSection(SolutionConfigurationPlatforms) = preSolution
		Debug|Any CPU = Debug|Any CPU
		Release|Any CPU = Release|Any CPU
	EndGlobalSection
	GlobalSection(ProjectConfigurationPlatforms) = postSolution
		{ED209CE9-AD36-4C94-8CCF-43C4D5600CB3}.Debug|Any CPU.ActiveCfg = Debug|Any CPU
		{ED209CE9-AD36-4C94-8CCF-43C4D5600CB3}.Debug|Any CPU.Build.0 = Debug|Any CPU
		{ED209CE9-AD36-4C94-8CCF-43C4D5600CB3}.Release|Any CPU.ActiveCfg = Release|Any CPU
		{ED209CE9-AD36-4C94-8CCF-43C4D5600CB3}.Release|Any CPU.Build.0 = Release|Any CPU
	EndGlobalSection
	GlobalSection(SolutionProperties) = preSolution
		HideSolutionNode = FALSE
	EndGlobalSection
	GlobalSection(ExtensibilityGlobals) = postSolution
		SolutionGuid = {E5387977-03D5-46EB-8F56-1B39964E9F25}
	EndGlobalSection
EndGlobal
