
Microsoft Visual Studio Solution File, Format Version 12.00
# Visual Studio Version 17
VisualStudioVersion = 17.2.32630.192
MinimumVisualStudioVersion = 10.0.40219.1
Project("{2150E333-8FDC-42A3-9474-1A3956D46DE8}") = "coordinator", "coordinator", "{EE3C3368-3FC2-4D31-A172-FD2C50B0A1B8}"
EndProject
Project("{9A19103F-16F7-4668-BE54-9A1E7A4F7556}") = "coordinator", "coordinator\coordinator.csproj", "{99C23CD1-B31C-4A47-97AE-42D8E5A9D8B8}"
EndProject
Project("{2150E333-8FDC-42A3-9474-1A3956D46DE8}") = "pdf-generator", "pdf-generator", "{AC4C7297-D7A1-42A3-9720-E98C04771886}"
EndProject
Project("{9A19103F-16F7-4668-BE54-9A1E7A4F7556}") = "pdf-generator", "pdf-generator\pdf-generator.csproj", "{EC3B7119-D13A-453B-8406-9B9DA2D93590}"
EndProject
Project("{2150E333-8FDC-42A3-9474-1A3956D46DE8}") = "text-extractor", "text-extractor", "{ED864099-3446-4E5C-900B-6A20790D3632}"
EndProject
Project("{9A19103F-16F7-4668-BE54-9A1E7A4F7556}") = "text-extractor", "text-extractor\text-extractor.csproj", "{5A692CFA-B116-480A-A910-EB4762C291C2}"
EndProject
Project("{9A19103F-16F7-4668-BE54-9A1E7A4F7556}") = "pdf-generator.tests", "pdf-generator.tests\pdf-generator.tests.csproj", "{BBA95B70-D652-4440-9B3D-D9D73847F962}"
EndProject
Project("{9A19103F-16F7-4668-BE54-9A1E7A4F7556}") = "Common", "Common\Common.csproj", "{09BCE3B3-1C3D-4952-9E10-2BEC09D0BB6C}"
EndProject
Project("{9A19103F-16F7-4668-BE54-9A1E7A4F7556}") = "coordinator.tests", "coordinator.tests\coordinator.tests.csproj", "{B4EA8C3F-F4DA-4A1E-AEA2-34B6D95A872A}"
EndProject
Project("{9A19103F-16F7-4668-BE54-9A1E7A4F7556}") = "Common.tests", "Common.tests\Common.tests.csproj", "{DF873A71-84A3-415D-83B8-594DF5A6CA4D}"
EndProject
Project("{9A19103F-16F7-4668-BE54-9A1E7A4F7556}") = "text-extractor.tests", "text-extractor.tests\text-extractor.tests.csproj", "{7118044D-9181-4171-8580-92C195779901}"
EndProject
Global
	GlobalSection(SolutionConfigurationPlatforms) = preSolution
		Debug|Any CPU = Debug|Any CPU
		Debug|x64 = Debug|x64
		Debug|x86 = Debug|x86
		Release|Any CPU = Release|Any CPU
		Release|x64 = Release|x64
		Release|x86 = Release|x86
	EndGlobalSection
	GlobalSection(ProjectConfigurationPlatforms) = postSolution
		{99C23CD1-B31C-4A47-97AE-42D8E5A9D8B8}.Debug|Any CPU.ActiveCfg = Debug|Any CPU
		{99C23CD1-B31C-4A47-97AE-42D8E5A9D8B8}.Debug|Any CPU.Build.0 = Debug|Any CPU
		{99C23CD1-B31C-4A47-97AE-42D8E5A9D8B8}.Debug|x64.ActiveCfg = Debug|Any CPU
		{99C23CD1-B31C-4A47-97AE-42D8E5A9D8B8}.Debug|x64.Build.0 = Debug|Any CPU
		{99C23CD1-B31C-4A47-97AE-42D8E5A9D8B8}.Debug|x86.ActiveCfg = Debug|Any CPU
		{99C23CD1-B31C-4A47-97AE-42D8E5A9D8B8}.Debug|x86.Build.0 = Debug|Any CPU
		{99C23CD1-B31C-4A47-97AE-42D8E5A9D8B8}.Release|Any CPU.ActiveCfg = Release|Any CPU
		{99C23CD1-B31C-4A47-97AE-42D8E5A9D8B8}.Release|Any CPU.Build.0 = Release|Any CPU
		{99C23CD1-B31C-4A47-97AE-42D8E5A9D8B8}.Release|x64.ActiveCfg = Release|Any CPU
		{99C23CD1-B31C-4A47-97AE-42D8E5A9D8B8}.Release|x64.Build.0 = Release|Any CPU
		{99C23CD1-B31C-4A47-97AE-42D8E5A9D8B8}.Release|x86.ActiveCfg = Release|Any CPU
		{99C23CD1-B31C-4A47-97AE-42D8E5A9D8B8}.Release|x86.Build.0 = Release|Any CPU
		{EC3B7119-D13A-453B-8406-9B9DA2D93590}.Debug|Any CPU.ActiveCfg = Debug|Any CPU
		{EC3B7119-D13A-453B-8406-9B9DA2D93590}.Debug|Any CPU.Build.0 = Debug|Any CPU
		{EC3B7119-D13A-453B-8406-9B9DA2D93590}.Debug|x64.ActiveCfg = Debug|Any CPU
		{EC3B7119-D13A-453B-8406-9B9DA2D93590}.Debug|x64.Build.0 = Debug|Any CPU
		{EC3B7119-D13A-453B-8406-9B9DA2D93590}.Debug|x86.ActiveCfg = Debug|Any CPU
		{EC3B7119-D13A-453B-8406-9B9DA2D93590}.Debug|x86.Build.0 = Debug|Any CPU
		{EC3B7119-D13A-453B-8406-9B9DA2D93590}.Release|Any CPU.ActiveCfg = Release|Any CPU
		{EC3B7119-D13A-453B-8406-9B9DA2D93590}.Release|Any CPU.Build.0 = Release|Any CPU
		{EC3B7119-D13A-453B-8406-9B9DA2D93590}.Release|x64.ActiveCfg = Release|Any CPU
		{EC3B7119-D13A-453B-8406-9B9DA2D93590}.Release|x64.Build.0 = Release|Any CPU
		{EC3B7119-D13A-453B-8406-9B9DA2D93590}.Release|x86.ActiveCfg = Release|Any CPU
		{EC3B7119-D13A-453B-8406-9B9DA2D93590}.Release|x86.Build.0 = Release|Any CPU
		{5A692CFA-B116-480A-A910-EB4762C291C2}.Debug|Any CPU.ActiveCfg = Debug|Any CPU
		{5A692CFA-B116-480A-A910-EB4762C291C2}.Debug|Any CPU.Build.0 = Debug|Any CPU
		{5A692CFA-B116-480A-A910-EB4762C291C2}.Debug|x64.ActiveCfg = Debug|Any CPU
		{5A692CFA-B116-480A-A910-EB4762C291C2}.Debug|x64.Build.0 = Debug|Any CPU
		{5A692CFA-B116-480A-A910-EB4762C291C2}.Debug|x86.ActiveCfg = Debug|Any CPU
		{5A692CFA-B116-480A-A910-EB4762C291C2}.Debug|x86.Build.0 = Debug|Any CPU
		{5A692CFA-B116-480A-A910-EB4762C291C2}.Release|Any CPU.ActiveCfg = Release|Any CPU
		{5A692CFA-B116-480A-A910-EB4762C291C2}.Release|Any CPU.Build.0 = Release|Any CPU
		{5A692CFA-B116-480A-A910-EB4762C291C2}.Release|x64.ActiveCfg = Release|Any CPU
		{5A692CFA-B116-480A-A910-EB4762C291C2}.Release|x64.Build.0 = Release|Any CPU
		{5A692CFA-B116-480A-A910-EB4762C291C2}.Release|x86.ActiveCfg = Release|Any CPU
		{5A692CFA-B116-480A-A910-EB4762C291C2}.Release|x86.Build.0 = Release|Any CPU
		{BBA95B70-D652-4440-9B3D-D9D73847F962}.Debug|Any CPU.ActiveCfg = Debug|Any CPU
		{BBA95B70-D652-4440-9B3D-D9D73847F962}.Debug|Any CPU.Build.0 = Debug|Any CPU
		{BBA95B70-D652-4440-9B3D-D9D73847F962}.Debug|x64.ActiveCfg = Debug|Any CPU
		{BBA95B70-D652-4440-9B3D-D9D73847F962}.Debug|x64.Build.0 = Debug|Any CPU
		{BBA95B70-D652-4440-9B3D-D9D73847F962}.Debug|x86.ActiveCfg = Debug|Any CPU
		{BBA95B70-D652-4440-9B3D-D9D73847F962}.Debug|x86.Build.0 = Debug|Any CPU
		{BBA95B70-D652-4440-9B3D-D9D73847F962}.Release|Any CPU.ActiveCfg = Release|Any CPU
		{BBA95B70-D652-4440-9B3D-D9D73847F962}.Release|Any CPU.Build.0 = Release|Any CPU
		{BBA95B70-D652-4440-9B3D-D9D73847F962}.Release|x64.ActiveCfg = Release|Any CPU
		{BBA95B70-D652-4440-9B3D-D9D73847F962}.Release|x64.Build.0 = Release|Any CPU
		{BBA95B70-D652-4440-9B3D-D9D73847F962}.Release|x86.ActiveCfg = Release|Any CPU
		{BBA95B70-D652-4440-9B3D-D9D73847F962}.Release|x86.Build.0 = Release|Any CPU
		{09BCE3B3-1C3D-4952-9E10-2BEC09D0BB6C}.Debug|Any CPU.ActiveCfg = Debug|Any CPU
		{09BCE3B3-1C3D-4952-9E10-2BEC09D0BB6C}.Debug|Any CPU.Build.0 = Debug|Any CPU
		{09BCE3B3-1C3D-4952-9E10-2BEC09D0BB6C}.Debug|x64.ActiveCfg = Debug|Any CPU
		{09BCE3B3-1C3D-4952-9E10-2BEC09D0BB6C}.Debug|x64.Build.0 = Debug|Any CPU
		{09BCE3B3-1C3D-4952-9E10-2BEC09D0BB6C}.Debug|x86.ActiveCfg = Debug|Any CPU
		{09BCE3B3-1C3D-4952-9E10-2BEC09D0BB6C}.Debug|x86.Build.0 = Debug|Any CPU
		{09BCE3B3-1C3D-4952-9E10-2BEC09D0BB6C}.Release|Any CPU.ActiveCfg = Release|Any CPU
		{09BCE3B3-1C3D-4952-9E10-2BEC09D0BB6C}.Release|Any CPU.Build.0 = Release|Any CPU
		{09BCE3B3-1C3D-4952-9E10-2BEC09D0BB6C}.Release|x64.ActiveCfg = Release|Any CPU
		{09BCE3B3-1C3D-4952-9E10-2BEC09D0BB6C}.Release|x64.Build.0 = Release|Any CPU
		{09BCE3B3-1C3D-4952-9E10-2BEC09D0BB6C}.Release|x86.ActiveCfg = Release|Any CPU
		{09BCE3B3-1C3D-4952-9E10-2BEC09D0BB6C}.Release|x86.Build.0 = Release|Any CPU
		{B4EA8C3F-F4DA-4A1E-AEA2-34B6D95A872A}.Debug|Any CPU.ActiveCfg = Debug|Any CPU
		{B4EA8C3F-F4DA-4A1E-AEA2-34B6D95A872A}.Debug|Any CPU.Build.0 = Debug|Any CPU
		{B4EA8C3F-F4DA-4A1E-AEA2-34B6D95A872A}.Debug|x64.ActiveCfg = Debug|Any CPU
		{B4EA8C3F-F4DA-4A1E-AEA2-34B6D95A872A}.Debug|x64.Build.0 = Debug|Any CPU
		{B4EA8C3F-F4DA-4A1E-AEA2-34B6D95A872A}.Debug|x86.ActiveCfg = Debug|Any CPU
		{B4EA8C3F-F4DA-4A1E-AEA2-34B6D95A872A}.Debug|x86.Build.0 = Debug|Any CPU
		{B4EA8C3F-F4DA-4A1E-AEA2-34B6D95A872A}.Release|Any CPU.ActiveCfg = Release|Any CPU
		{B4EA8C3F-F4DA-4A1E-AEA2-34B6D95A872A}.Release|Any CPU.Build.0 = Release|Any CPU
		{B4EA8C3F-F4DA-4A1E-AEA2-34B6D95A872A}.Release|x64.ActiveCfg = Release|Any CPU
		{B4EA8C3F-F4DA-4A1E-AEA2-34B6D95A872A}.Release|x64.Build.0 = Release|Any CPU
		{B4EA8C3F-F4DA-4A1E-AEA2-34B6D95A872A}.Release|x86.ActiveCfg = Release|Any CPU
		{B4EA8C3F-F4DA-4A1E-AEA2-34B6D95A872A}.Release|x86.Build.0 = Release|Any CPU
		{DF873A71-84A3-415D-83B8-594DF5A6CA4D}.Debug|Any CPU.ActiveCfg = Debug|Any CPU
		{DF873A71-84A3-415D-83B8-594DF5A6CA4D}.Debug|Any CPU.Build.0 = Debug|Any CPU
		{DF873A71-84A3-415D-83B8-594DF5A6CA4D}.Debug|x64.ActiveCfg = Debug|Any CPU
		{DF873A71-84A3-415D-83B8-594DF5A6CA4D}.Debug|x64.Build.0 = Debug|Any CPU
		{DF873A71-84A3-415D-83B8-594DF5A6CA4D}.Debug|x86.ActiveCfg = Debug|Any CPU
		{DF873A71-84A3-415D-83B8-594DF5A6CA4D}.Debug|x86.Build.0 = Debug|Any CPU
		{DF873A71-84A3-415D-83B8-594DF5A6CA4D}.Release|Any CPU.ActiveCfg = Release|Any CPU
		{DF873A71-84A3-415D-83B8-594DF5A6CA4D}.Release|Any CPU.Build.0 = Release|Any CPU
		{DF873A71-84A3-415D-83B8-594DF5A6CA4D}.Release|x64.ActiveCfg = Release|Any CPU
		{DF873A71-84A3-415D-83B8-594DF5A6CA4D}.Release|x64.Build.0 = Release|Any CPU
		{DF873A71-84A3-415D-83B8-594DF5A6CA4D}.Release|x86.ActiveCfg = Release|Any CPU
		{DF873A71-84A3-415D-83B8-594DF5A6CA4D}.Release|x86.Build.0 = Release|Any CPU
		{7118044D-9181-4171-8580-92C195779901}.Debug|Any CPU.ActiveCfg = Debug|Any CPU
		{7118044D-9181-4171-8580-92C195779901}.Debug|Any CPU.Build.0 = Debug|Any CPU
		{7118044D-9181-4171-8580-92C195779901}.Debug|x64.ActiveCfg = Debug|Any CPU
		{7118044D-9181-4171-8580-92C195779901}.Debug|x64.Build.0 = Debug|Any CPU
		{7118044D-9181-4171-8580-92C195779901}.Debug|x86.ActiveCfg = Debug|Any CPU
		{7118044D-9181-4171-8580-92C195779901}.Debug|x86.Build.0 = Debug|Any CPU
		{7118044D-9181-4171-8580-92C195779901}.Release|Any CPU.ActiveCfg = Release|Any CPU
		{7118044D-9181-4171-8580-92C195779901}.Release|Any CPU.Build.0 = Release|Any CPU
		{7118044D-9181-4171-8580-92C195779901}.Release|x64.ActiveCfg = Release|Any CPU
		{7118044D-9181-4171-8580-92C195779901}.Release|x64.Build.0 = Release|Any CPU
		{7118044D-9181-4171-8580-92C195779901}.Release|x86.ActiveCfg = Release|Any CPU
		{7118044D-9181-4171-8580-92C195779901}.Release|x86.Build.0 = Release|Any CPU
		{B7A97DC6-12BA-4914-9EF6-9D9C0FA5D896}.Debug|Any CPU.ActiveCfg = Debug|Any CPU
		{B7A97DC6-12BA-4914-9EF6-9D9C0FA5D896}.Debug|Any CPU.Build.0 = Debug|Any CPU
		{B7A97DC6-12BA-4914-9EF6-9D9C0FA5D896}.Debug|x64.ActiveCfg = Debug|Any CPU
		{B7A97DC6-12BA-4914-9EF6-9D9C0FA5D896}.Debug|x64.Build.0 = Debug|Any CPU
		{B7A97DC6-12BA-4914-9EF6-9D9C0FA5D896}.Debug|x86.ActiveCfg = Debug|Any CPU
		{B7A97DC6-12BA-4914-9EF6-9D9C0FA5D896}.Debug|x86.Build.0 = Debug|Any CPU
		{B7A97DC6-12BA-4914-9EF6-9D9C0FA5D896}.Release|Any CPU.ActiveCfg = Release|Any CPU
		{B7A97DC6-12BA-4914-9EF6-9D9C0FA5D896}.Release|Any CPU.Build.0 = Release|Any CPU
		{B7A97DC6-12BA-4914-9EF6-9D9C0FA5D896}.Release|x64.ActiveCfg = Release|Any CPU
		{B7A97DC6-12BA-4914-9EF6-9D9C0FA5D896}.Release|x64.Build.0 = Release|Any CPU
		{B7A97DC6-12BA-4914-9EF6-9D9C0FA5D896}.Release|x86.ActiveCfg = Release|Any CPU
		{B7A97DC6-12BA-4914-9EF6-9D9C0FA5D896}.Release|x86.Build.0 = Release|Any CPU
		{31EC44C0-E22C-460F-9480-06F631EBCC44}.Debug|Any CPU.ActiveCfg = Debug|Any CPU
		{31EC44C0-E22C-460F-9480-06F631EBCC44}.Debug|Any CPU.Build.0 = Debug|Any CPU
		{31EC44C0-E22C-460F-9480-06F631EBCC44}.Debug|x64.ActiveCfg = Debug|Any CPU
		{31EC44C0-E22C-460F-9480-06F631EBCC44}.Debug|x64.Build.0 = Debug|Any CPU
		{31EC44C0-E22C-460F-9480-06F631EBCC44}.Debug|x86.ActiveCfg = Debug|Any CPU
		{31EC44C0-E22C-460F-9480-06F631EBCC44}.Debug|x86.Build.0 = Debug|Any CPU
		{31EC44C0-E22C-460F-9480-06F631EBCC44}.Release|Any CPU.ActiveCfg = Release|Any CPU
		{31EC44C0-E22C-460F-9480-06F631EBCC44}.Release|Any CPU.Build.0 = Release|Any CPU
		{31EC44C0-E22C-460F-9480-06F631EBCC44}.Release|x64.ActiveCfg = Release|Any CPU
		{31EC44C0-E22C-460F-9480-06F631EBCC44}.Release|x64.Build.0 = Release|Any CPU
		{31EC44C0-E22C-460F-9480-06F631EBCC44}.Release|x86.ActiveCfg = Release|Any CPU
		{31EC44C0-E22C-460F-9480-06F631EBCC44}.Release|x86.Build.0 = Release|Any CPU
	EndGlobalSection
	GlobalSection(SolutionProperties) = preSolution
		HideSolutionNode = FALSE
	EndGlobalSection
	GlobalSection(NestedProjects) = preSolution
		{99C23CD1-B31C-4A47-97AE-42D8E5A9D8B8} = {EE3C3368-3FC2-4D31-A172-FD2C50B0A1B8}
		{EC3B7119-D13A-453B-8406-9B9DA2D93590} = {AC4C7297-D7A1-42A3-9720-E98C04771886}
		{5A692CFA-B116-480A-A910-EB4762C291C2} = {ED864099-3446-4E5C-900B-6A20790D3632}
		{BBA95B70-D652-4440-9B3D-D9D73847F962} = {AC4C7297-D7A1-42A3-9720-E98C04771886}
		{B4EA8C3F-F4DA-4A1E-AEA2-34B6D95A872A} = {EE3C3368-3FC2-4D31-A172-FD2C50B0A1B8}
		{7118044D-9181-4171-8580-92C195779901} = {ED864099-3446-4E5C-900B-6A20790D3632}
		{B7A97DC6-12BA-4914-9EF6-9D9C0FA5D896} = {A81DCB92-9634-4621-B33B-B93DB1C5B1D4}
		{31EC44C0-E22C-460F-9480-06F631EBCC44} = {A81DCB92-9634-4621-B33B-B93DB1C5B1D4}
	EndGlobalSection
	GlobalSection(ExtensibilityGlobals) = postSolution
		SolutionGuid = {0C43EF50-A478-4017-ADF8-2F008C742F18}
	EndGlobalSection
EndGlobal
