
Microsoft Visual Studio Solution File, Format Version 12.00
# Visual Studio Version 17
VisualStudioVersion = 17.6.33829.357
MinimumVisualStudioVersion = 10.0.40219.1
Project("{9A19103F-16F7-4668-BE54-9A1E7A4F7556}") = "polaris-gateway.integration.tests", "polaris-gateway.integration.tests.csproj", "{23A2FEED-2610-4826-8EA0-AD9F0C45E34D}"
EndProject
Project("{2150E333-8FDC-42A3-9474-1A3956D46DE8}") = "Common", "Common", "{BF1B6EA0-BF04-4490-85DB-E3D0ED212868}"
EndProject
Project("{9A19103F-16F7-4668-BE54-9A1E7A4F7556}") = "Common", "..\..\polaris-pipeline\Common\Common.csproj", "{EBBD2A78-12B2-4345-AC1A-CA6ABB2DD1D5}"
EndProject
Global
	GlobalSection(SolutionConfigurationPlatforms) = preSolution
		Debug|Any CPU = Debug|Any CPU
		Release|Any CPU = Release|Any CPU
	EndGlobalSection
	GlobalSection(ProjectConfigurationPlatforms) = postSolution
		{23A2FEED-2610-4826-8EA0-AD9F0C45E34D}.Debug|Any CPU.ActiveCfg = Debug|Any CPU
		{23A2FEED-2610-4826-8EA0-AD9F0C45E34D}.Debug|Any CPU.Build.0 = Debug|Any CPU
		{23A2FEED-2610-4826-8EA0-AD9F0C45E34D}.Release|Any CPU.ActiveCfg = Release|Any CPU
		{23A2FEED-2610-4826-8EA0-AD9F0C45E34D}.Release|Any CPU.Build.0 = Release|Any CPU
		{EBBD2A78-12B2-4345-AC1A-CA6ABB2DD1D5}.Debug|Any CPU.ActiveCfg = Debug|Any CPU
		{EBBD2A78-12B2-4345-AC1A-CA6ABB2DD1D5}.Debug|Any CPU.Build.0 = Debug|Any CPU
		{EBBD2A78-12B2-4345-AC1A-CA6ABB2DD1D5}.Release|Any CPU.ActiveCfg = Release|Any CPU
		{EBBD2A78-12B2-4345-AC1A-CA6ABB2DD1D5}.Release|Any CPU.Build.0 = Release|Any CPU
	EndGlobalSection
	GlobalSection(SolutionProperties) = preSolution
		HideSolutionNode = FALSE
	EndGlobalSection
	GlobalSection(NestedProjects) = preSolution
		{EBBD2A78-12B2-4345-AC1A-CA6ABB2DD1D5} = {BF1B6EA0-BF04-4490-85DB-E3D0ED212868}
	EndGlobalSection
	GlobalSection(ExtensibilityGlobals) = postSolution
		SolutionGuid = {15E52EB8-D650-4710-973F-0AF9FBB8C4A2}
	EndGlobalSection
EndGlobal
