
Microsoft Visual Studio Solution File, Format Version 12.00
# Visual Studio Version 17
VisualStudioVersion = 17.5.002.0
MinimumVisualStudioVersion = 10.0.40219.1
Project("{9A19103F-16F7-4668-BE54-9A1E7A4F7556}") = "pdf-generator", "pdf-generator.csproj", "{22C60DE1-7F7A-4995-8141-4E7E169725B6}"
EndProject
Global
	GlobalSection(SolutionConfigurationPlatforms) = preSolution
		Debug|Any CPU = Debug|Any CPU
		Release|Any CPU = Release|Any CPU
	EndGlobalSection
	GlobalSection(ProjectConfigurationPlatforms) = postSolution
		{22C60DE1-7F7A-4995-8141-4E7E169725B6}.Debug|Any CPU.ActiveCfg = Debug|Any CPU
		{22C60DE1-7F7A-4995-8141-4E7E169725B6}.Debug|Any CPU.Build.0 = Debug|Any CPU
		{22C60DE1-7F7A-4995-8141-4E7E169725B6}.Release|Any CPU.ActiveCfg = Release|Any CPU
		{22C60DE1-7F7A-4995-8141-4E7E169725B6}.Release|Any CPU.Build.0 = Release|Any CPU
	EndGlobalSection
	GlobalSection(SolutionProperties) = preSolution
		HideSolutionNode = FALSE
	EndGlobalSection
	GlobalSection(ExtensibilityGlobals) = postSolution
		SolutionGuid = {6CCDD52F-DAF7-4CE7-A5AB-65863D2B1D73}
	EndGlobalSection
EndGlobal
