
Microsoft Visual Studio Solution File, Format Version 12.00
# Visual Studio Version 17
VisualStudioVersion = 17.0.32014.148
MinimumVisualStudioVersion = 10.0.40219.1
Project("{9A19103F-16F7-4668-BE54-9A1E7A4F7556}") = "rumpole-gateway", "rumpole-gateway\rumpole-gateway.csproj", "{B7F5B8CC-8E8C-4F4D-A12F-264680BCE2D7}"
EndProject
Project("{9A19103F-16F7-4668-BE54-9A1E7A4F7556}") = "rumpole-gateway.tests", "rumpole-gateway.tests\rumpole-gateway.tests.csproj", "{2A21F271-E8F1-45C3-BA0B-7FDF40292BE9}"
EndProject
Project("{2150E333-8FDC-42A3-9474-1A3956D46DE8}") = "Tests", "Tests", "{0C62DAA9-FFDE-411D-A165-BBBD187A3DEF}"
EndProject
Global
	GlobalSection(SolutionConfigurationPlatforms) = preSolution
		Debug|Any CPU = Debug|Any CPU
		Release|Any CPU = Release|Any CPU
	EndGlobalSection
	GlobalSection(ProjectConfigurationPlatforms) = postSolution
		{B7F5B8CC-8E8C-4F4D-A12F-264680BCE2D7}.Debug|Any CPU.ActiveCfg = Debug|Any CPU
		{B7F5B8CC-8E8C-4F4D-A12F-264680BCE2D7}.Debug|Any CPU.Build.0 = Debug|Any CPU
		{B7F5B8CC-8E8C-4F4D-A12F-264680BCE2D7}.Release|Any CPU.ActiveCfg = Release|Any CPU
		{B7F5B8CC-8E8C-4F4D-A12F-264680BCE2D7}.Release|Any CPU.Build.0 = Release|Any CPU
		{2A21F271-E8F1-45C3-BA0B-7FDF40292BE9}.Debug|Any CPU.ActiveCfg = Debug|Any CPU
		{2A21F271-E8F1-45C3-BA0B-7FDF40292BE9}.Debug|Any CPU.Build.0 = Debug|Any CPU
		{2A21F271-E8F1-45C3-BA0B-7FDF40292BE9}.Release|Any CPU.ActiveCfg = Release|Any CPU
		{2A21F271-E8F1-45C3-BA0B-7FDF40292BE9}.Release|Any CPU.Build.0 = Release|Any CPU
	EndGlobalSection
	GlobalSection(SolutionProperties) = preSolution
		HideSolutionNode = FALSE
	EndGlobalSection
	GlobalSection(NestedProjects) = preSolution
		{2A21F271-E8F1-45C3-BA0B-7FDF40292BE9} = {0C62DAA9-FFDE-411D-A165-BBBD187A3DEF}
	EndGlobalSection
	GlobalSection(ExtensibilityGlobals) = postSolution
		SolutionGuid = {C61F7720-4286-48D0-B830-83513DC707F1}
	EndGlobalSection
EndGlobal
